
Microsoft Visual Studio Solution File, Format Version 12.00
# Visual Studio Version 17
VisualStudioVersion = 17.14.36301.6 d17.14
MinimumVisualStudioVersion = 10.0.40219.1
Project("{FAE04EC0-301F-11D3-BF4B-00C04F79EFBC}") = "blazor-portfolio", "blazor-portfolio.csproj", "{1110346F-BA88-46B4-98C5-A6F500355E14}"
EndProject
Global
	GlobalSection(SolutionConfigurationPlatforms) = preSolution
		Debug|Any CPU = Debug|Any CPU
		Release|Any CPU = Release|Any CPU
	EndGlobalSection
	GlobalSection(ProjectConfigurationPlatforms) = postSolution
		{1110346F-BA88-46B4-98C5-A6F500355E14}.Debug|Any CPU.ActiveCfg = Debug|Any CPU
		{1110346F-BA88-46B4-98C5-A6F500355E14}.Debug|Any CPU.Build.0 = Debug|Any CPU
		{1110346F-BA88-46B4-98C5-A6F500355E14}.Release|Any CPU.ActiveCfg = Release|Any CPU
		{1110346F-BA88-46B4-98C5-A6F500355E14}.Release|Any CPU.Build.0 = Release|Any CPU
	EndGlobalSection
	GlobalSection(SolutionProperties) = preSolution
		HideSolutionNode = FALSE
	EndGlobalSection
	GlobalSection(ExtensibilityGlobals) = postSolution
		SolutionGuid = {F734F6B9-542C-42CF-9B4B-47A71B93D126}
	EndGlobalSection
EndGlobal
